{
  "name": "personal-site",
  "version": "1.0.0",
  "lockfileVersion": 1,
  "requires": true,
  "dependencies": {
    "@splidejs/splide": {
      "version": "2.4.20",
      "resolved": "https://registry.npmjs.org/@splidejs/splide/-/splide-2.4.20.tgz",
      "integrity": "sha512-/38a5sxujf2ZOunk6pXNkw/BiYDGiHBeEsrfXLSgMQ05VF175gRJGEe7IcLV3qvaRxtM9U6Jr1HOtWUzvTQ9tg=="
    }
  }
}
